{"format_version":"1.0","provider_schemas":{"registry.terraform.io/nuodb/nuodbaas":{"provider":{"version":0,"block":{"attributes":{"password":{"type":"string","description":"The password for the user. If not specified, defaults to the value of the `NUODB_CP_PASSWORD` environment variable.","description_kind":"plain","optional":true,"sensitive":true},"skip_verify":{"type":"bool","description":"Whether to skip server certificate verification. If not specified, defaults to the value of the `NUODB_CP_SKIP_VERIFY` environment variable.","description_kind":"plain","optional":true},"timeouts":{"nested_type":{"attributes":{"create":{"type":"string","description":"The timeout for resource readiness after creation, specified as a duration with time unit suffix, e.g. `10m`. A timeout of `0` indicates not to wait.","description_kind":"plain","optional":true},"delete":{"type":"string","description":"The timeout for resource deletion, specified as a duration with time unit suffix, e.g. `30s`. A timeout of `0` indicates not to wait.","description_kind":"plain","optional":true},"update":{"type":"string","description":"The timeout for resource readiness after update, specified as a duration with time unit suffix, e.g. `1m`. A timeout of `0` indicates not to wait.","description_kind":"plain","optional":true}},"nesting_mode":"map"},"description":"Timeouts by resource type and operation. A resource type of `default` is used to supply timeouts for all resources that are not specified explicitly.","description_kind":"plain","optional":true},"token":{"type":"string","description":"The token to use to authenticate the user. If not specified, defaults to the value of the `NUODB_CP_TOKEN` environment variable.","description_kind":"plain","optional":true,"sensitive":true},"url_base":{"type":"string","description":"The base URL for the server, including the protocol. If not specified, defaults to the value of the `NUODB_CP_URL_BASE` environment variable.","description_kind":"plain","optional":true},"user":{"type":"string","description":"The name of the user in the format `\u003corganization\u003e/\u003cuser\u003e`. If not specified, defaults to the value of the `NUODB_CP_USER` environment variable.","description_kind":"plain","optional":true}},"description":"The NuoDB DBaaS Provider manages NuoDB databases using the NuoDB Control Plane.","description_kind":"plain"}},"resource_schemas":{"nuodbaas_backup":{"version":0,"block":{"attributes":{"database":{"type":"string","description":"The database that the backup belongs to","description_kind":"markdown","required":true},"import_source":{"nested_type":{"attributes":{"backup_handle":{"type":"string","description":"The existing backup handle to import","description_kind":"markdown","required":true},"backup_plugin":{"type":"string","description":"The plugin used to create the backup to import","description_kind":"markdown","required":true}},"nesting_mode":"single"},"description_kind":"plain","optional":true,"computed":true},"labels":{"type":["map","string"],"description":"User-defined labels attached to the resource that can be used for filtering","description_kind":"markdown","optional":true,"computed":true},"name":{"type":"string","description":"The name of the backup","description_kind":"markdown","required":true},"organization":{"type":"string","description":"The organization that the backup belongs to","description_kind":"markdown","required":true},"project":{"type":"string","description":"The project that the backup belongs to","description_kind":"markdown","required":true},"status":{"nested_type":{"attributes":{"backup_handle":{"type":"string","description":"The handle for the backup","description_kind":"markdown","computed":true},"backup_plugin":{"type":"string","description":"The plugin used to manage the backup","description_kind":"markdown","computed":true},"created_by_policy":{"type":"string","description":"The fully-qualified name of the backup policy that the backup was created by","description_kind":"markdown","computed":true},"creation_time":{"type":"string","description":"The time that the backup was taken","description_kind":"markdown","computed":true},"message":{"type":"string","description":"Message summarizing the state of the backup","description_kind":"markdown","computed":true},"ready_to_use":{"type":"bool","description":"Whether the backup is ready to be used to restore a database","description_kind":"markdown","computed":true},"state":{"type":"string","description":"The state of the backup:\n  * `Pending` - The backup is pending completion\n  * `Succeeded` - The backup completed successfully and is available for use\n  * `Failed` - The backup failed and is unusable\n  * `Deleting` - The backup has been marked for deletion, which is in progress","description_kind":"markdown","computed":true}},"nesting_mode":"single"},"description_kind":"plain","computed":true}},"description":"Resource for managing NuoDB backups created using the DBaaS Control Plane","description_kind":"markdown"}},"nuodbaas_backuppolicy":{"version":0,"block":{"attributes":{"frequency":{"type":"string","description":"The frequency to schedule backups at, in cron format","description_kind":"markdown","required":true},"labels":{"type":["map","string"],"description":"User-defined labels attached to the resource that can be used for filtering","description_kind":"markdown","optional":true,"computed":true},"name":{"type":"string","description":"The name of the backup policy","description_kind":"markdown","required":true},"organization":{"type":"string","description":"The organization that the backup policy belongs to","description_kind":"markdown","required":true},"properties":{"nested_type":{"attributes":{"propagate_database_labels":{"type":"bool","description":"Whether to propagate the user-defined labels from the matching database to backup resources created by this policy","description_kind":"markdown","optional":true,"computed":true},"propagate_policy_labels":{"type":"bool","description":"Whether to propagate the user-defined labels from the backup policy to backup resources created by this policy","description_kind":"markdown","optional":true,"computed":true}},"nesting_mode":"single"},"description_kind":"plain","optional":true,"computed":true},"retention":{"nested_type":{"attributes":{"daily":{"type":"number","description":"The number of daily backups to retain","description_kind":"markdown","optional":true,"computed":true},"hourly":{"type":"number","description":"The number of hourly backups to retain","description_kind":"markdown","optional":true,"computed":true},"monthly":{"type":"number","description":"The number of monthly backups to retain","description_kind":"markdown","optional":true,"computed":true},"weekly":{"type":"number","description":"The number of weekly backups to retain","description_kind":"markdown","optional":true,"computed":true},"yearly":{"type":"number","description":"The number of yearly backups to retain","description_kind":"markdown","optional":true,"computed":true}},"nesting_mode":"single"},"description_kind":"plain","optional":true,"computed":true},"selector":{"nested_type":{"attributes":{"labels":{"type":["map","string"],"description":"The user-defined labels to filter databases on","description_kind":"markdown","optional":true,"computed":true},"scope":{"type":"string","description":"The scope that the backup policy applies to","description_kind":"markdown","required":true},"slas":{"type":["list","string"],"description":"The SLAs to filter databases on","description_kind":"markdown","optional":true,"computed":true},"tiers":{"type":["list","string"],"description":"The tiers to filter databases on","description_kind":"markdown","optional":true,"computed":true}},"nesting_mode":"single"},"description_kind":"plain","required":true},"status":{"nested_type":{"attributes":{"last_missed_schedule_time":{"type":"string","description":"The time that backups were last missed by this policy","description_kind":"markdown","computed":true},"last_schedule_time":{"type":"string","description":"The time that backups were last taken by this policy","description_kind":"markdown","computed":true},"next_schedule_time":{"type":"string","description":"The time that backups are next scheduled by this policy","description_kind":"markdown","computed":true}},"nesting_mode":"single"},"description_kind":"plain","computed":true},"suspended":{"type":"bool","description":"Whether backups from the policy are suspended","description_kind":"markdown","optional":true,"computed":true}},"description":"Resource for managing NuoDB backup policies created using the DBaaS Control Plane","description_kind":"markdown"}},"nuodbaas_database":{"version":0,"block":{"attributes":{"dba_password":{"type":"string","description":"The password for the DBA user","description_kind":"markdown","optional":true,"computed":true,"sensitive":true},"labels":{"type":["map","string"],"description":"User-defined labels attached to the resource that can be used for filtering","description_kind":"markdown","optional":true,"computed":true},"maintenance":{"nested_type":{"attributes":{"is_disabled":{"type":"bool","description":"Whether the project or database should be shutdown","description_kind":"markdown","optional":true,"computed":true}},"nesting_mode":"single"},"description_kind":"plain","optional":true,"computed":true},"name":{"type":"string","description":"The name of the database","description_kind":"markdown","required":true},"organization":{"type":"string","description":"The organization that the database belongs to","description_kind":"markdown","required":true},"project":{"type":"string","description":"The project that the database belongs to","description_kind":"markdown","required":true},"properties":{"nested_type":{"attributes":{"archive_disk_size":{"type":"string","description":"The size of the archive volumes for the database. Can be only updated to increase the volume size.","description_kind":"markdown","optional":true,"computed":true},"journal_disk_size":{"type":"string","description":"The size of the journal volumes for the database. Can be only updated to increase the volume size.","description_kind":"markdown","optional":true,"computed":true},"product_version":{"type":"string","description":"The version/tag of the NuoDB image to use. For available tags, see https://hub.docker.com/r/nuodb/nuodb-ce/tags. If omitted, the database version will be inherited from the project.","description_kind":"markdown","optional":true,"computed":true},"tier_parameters":{"type":["map","string"],"description":"Opaque parameters supplied to database service tier.","description_kind":"markdown","optional":true,"computed":true}},"nesting_mode":"single"},"description_kind":"plain","optional":true,"computed":true},"restore_from":{"nested_type":{"attributes":{"backup":{"type":"string","description":"The name of the backup to restore the database from. If a fully-qualified name is not supplied, then the organization, project, or name of the database being created is assumed.","description_kind":"markdown","optional":true,"computed":true}},"nesting_mode":"single"},"description_kind":"plain","optional":true,"computed":true},"status":{"nested_type":{"attributes":{"ca_pem":{"type":"string","description":"The PEM-encoded certificate for SQL clients to verify database servers","description_kind":"markdown","computed":true},"message":{"type":"string","description":"Message summarizing the state of the database","description_kind":"markdown","computed":true},"ready":{"type":"bool","description":"Whether the database is ready","description_kind":"markdown","computed":true},"shutdown":{"type":"bool","description":"Whether the database has shutdown","description_kind":"markdown","computed":true},"sql_endpoint":{"type":"string","description":"The endpoint for SQL clients to connect to","description_kind":"markdown","computed":true},"state":{"type":"string","description":"The state of the database:\n  * `Available` - The database is ready to accept SQL connections\n  * `Creating` - The database is being created and not yet available\n  * `Modifying` - The database is being modified\n  * `Stopping` - Shutdown is in progress for this database\n  * `Stopped` - The database has been stopped\n  * `Expired` - The database has expired\n  * `Failed` - The database has failed to achieve a usable state\n  * `Deleting` - The database has been marked for deletion, which is in progress\n  * `Restoring` - Restore from backup is in progress for this database","description_kind":"markdown","computed":true}},"nesting_mode":"single"},"description_kind":"plain","computed":true},"tier":{"type":"string","description":"The service tier for the database. If omitted, the project service tier is inherited.","description_kind":"markdown","optional":true,"computed":true}},"description":"Resource for managing NuoDB databases created using the DBaaS Control Plane","description_kind":"markdown"}},"nuodbaas_project":{"version":0,"block":{"attributes":{"labels":{"type":["map","string"],"description":"User-defined labels attached to the resource that can be used for filtering","description_kind":"markdown","optional":true,"computed":true},"maintenance":{"nested_type":{"attributes":{"is_disabled":{"type":"bool","description":"Whether the project or database should be shutdown","description_kind":"markdown","optional":true,"computed":true}},"nesting_mode":"single"},"description_kind":"plain","optional":true,"computed":true},"name":{"type":"string","description":"The name of the project","description_kind":"markdown","required":true},"organization":{"type":"string","description":"The organization that the project belongs to","description_kind":"markdown","required":true},"properties":{"nested_type":{"attributes":{"product_version":{"type":"string","description":"The version/tag of the NuoDB image to use. For available tags, see https://hub.docker.com/r/nuodb/nuodb-ce/tags. If omitted, the project version will be resolved based on the SLA and cluster configuration.","description_kind":"markdown","optional":true,"computed":true},"tier_parameters":{"type":["map","string"],"description":"Opaque parameters supplied to project service tier.","description_kind":"markdown","optional":true,"computed":true}},"nesting_mode":"single"},"description_kind":"plain","optional":true,"computed":true},"sla":{"type":"string","description":"The SLA for the project. Cannot be updated once the project is created.","description_kind":"markdown","required":true},"status":{"nested_type":{"attributes":{"ca_pem":{"type":"string","description":"The PEM-encoded certificate for SQL clients to verify database servers within the project","description_kind":"markdown","computed":true},"message":{"type":"string","description":"Message summarizing the state of the project","description_kind":"markdown","computed":true},"ready":{"type":"bool","description":"Whether the project is ready","description_kind":"markdown","computed":true},"shutdown":{"type":"bool","description":"Whether the project and all of its databases have shutdown","description_kind":"markdown","computed":true},"state":{"type":"string","description":"The state of the project:\n  * `Available` - The project is available\n  * `Creating` - The project is being created and not yet available\n  * `Modifying` - The project is being modified\n  * `Stopping` - Shutdown is in progress for this project\n  * `Stopped` - The project and its databases have been stopped\n  * `Expired` - The project and its databases have expired\n  * `Failed` - The project has failed to achieve a usable state\n  * `Deleting` - The project has been marked for deletion, which is in progress","description_kind":"markdown","computed":true}},"nesting_mode":"single"},"description_kind":"plain","computed":true},"tier":{"type":"string","description":"The service tier for the project","description_kind":"markdown","required":true}},"description":"Resource for managing NuoDB projects created using the DBaaS Control Plane","description_kind":"markdown"}}},"data_source_schemas":{"nuodbaas_backup":{"version":0,"block":{"attributes":{"database":{"type":"string","description":"The database that the backup belongs to","description_kind":"markdown","required":true},"import_source":{"nested_type":{"attributes":{"backup_handle":{"type":"string","description":"The existing backup handle to import","description_kind":"markdown","computed":true},"backup_plugin":{"type":"string","description":"The plugin used to create the backup to import","description_kind":"markdown","computed":true}},"nesting_mode":"single"},"description_kind":"plain","computed":true},"labels":{"type":["map","string"],"description":"User-defined labels attached to the resource that can be used for filtering","description_kind":"markdown","computed":true},"name":{"type":"string","description":"The name of the backup","description_kind":"markdown","required":true},"organization":{"type":"string","description":"The organization that the backup belongs to","description_kind":"markdown","required":true},"project":{"type":"string","description":"The project that the backup belongs to","description_kind":"markdown","required":true},"status":{"nested_type":{"attributes":{"backup_handle":{"type":"string","description":"The handle for the backup","description_kind":"markdown","computed":true},"backup_plugin":{"type":"string","description":"The plugin used to manage the backup","description_kind":"markdown","computed":true},"created_by_policy":{"type":"string","description":"The fully-qualified name of the backup policy that the backup was created by","description_kind":"markdown","computed":true},"creation_time":{"type":"string","description":"The time that the backup was taken","description_kind":"markdown","computed":true},"message":{"type":"string","description":"Message summarizing the state of the backup","description_kind":"markdown","computed":true},"ready_to_use":{"type":"bool","description":"Whether the backup is ready to be used to restore a database","description_kind":"markdown","computed":true},"state":{"type":"string","description":"The state of the backup:\n  * `Pending` - The backup is pending completion\n  * `Succeeded` - The backup completed successfully and is available for use\n  * `Failed` - The backup failed and is unusable\n  * `Deleting` - The backup has been marked for deletion, which is in progress","description_kind":"markdown","computed":true}},"nesting_mode":"single"},"description_kind":"plain","computed":true}},"description":"Data source for exposing information about NuoDB backups created using the DBaaS Control Plane","description_kind":"markdown"}},"nuodbaas_backuppolicies":{"version":0,"block":{"attributes":{"filter":{"nested_type":{"attributes":{"labels":{"type":["list","string"],"description":"List of filters to apply based on labels, which are composed using `AND`. Acceptable filter expressions are:\n  * `key` - Only return items that have label with specified key\n  * `key=value` - Only return items that have label with specified key set to value\n  * `!key` - Only return items that do _not_ have label with specified key\n  * `key!=value` - Only return items that do _not_ have label with specified key set to value","description_kind":"markdown","optional":true},"organization":{"type":"string","description":"The organization to filter policies on","description_kind":"markdown","optional":true}},"nesting_mode":"single"},"description":"Filters to apply to policies","description_kind":"markdown","optional":true},"policies":{"nested_type":{"attributes":{"name":{"type":"string","description":"The name of the policy","description_kind":"markdown","computed":true},"organization":{"type":"string","description":"The organization the policy belongs to","description_kind":"markdown","computed":true}},"nesting_mode":"list"},"description":"The list of policies that satisfy the filter requirements","description_kind":"markdown","computed":true}},"description":"Data source for listing NuoDB backup policies created using the DBaaS Control Plane","description_kind":"markdown"}},"nuodbaas_backuppolicy":{"version":0,"block":{"attributes":{"frequency":{"type":"string","description":"The frequency to schedule backups at, in cron format","description_kind":"markdown","computed":true},"labels":{"type":["map","string"],"description":"User-defined labels attached to the resource that can be used for filtering","description_kind":"markdown","computed":true},"name":{"type":"string","description":"The name of the backup policy","description_kind":"markdown","required":true},"organization":{"type":"string","description":"The organization that the backup policy belongs to","description_kind":"markdown","required":true},"properties":{"nested_type":{"attributes":{"propagate_database_labels":{"type":"bool","description":"Whether to propagate the user-defined labels from the matching database to backup resources created by this policy","description_kind":"markdown","computed":true},"propagate_policy_labels":{"type":"bool","description":"Whether to propagate the user-defined labels from the backup policy to backup resources created by this policy","description_kind":"markdown","computed":true}},"nesting_mode":"single"},"description_kind":"plain","computed":true},"retention":{"nested_type":{"attributes":{"daily":{"type":"number","description":"The number of daily backups to retain","description_kind":"markdown","computed":true},"hourly":{"type":"number","description":"The number of hourly backups to retain","description_kind":"markdown","computed":true},"monthly":{"type":"number","description":"The number of monthly backups to retain","description_kind":"markdown","computed":true},"weekly":{"type":"number","description":"The number of weekly backups to retain","description_kind":"markdown","computed":true},"yearly":{"type":"number","description":"The number of yearly backups to retain","description_kind":"markdown","computed":true}},"nesting_mode":"single"},"description_kind":"plain","computed":true},"selector":{"nested_type":{"attributes":{"labels":{"type":["map","string"],"description":"The user-defined labels to filter databases on","description_kind":"markdown","computed":true},"scope":{"type":"string","description":"The scope that the backup policy applies to","description_kind":"markdown","computed":true},"slas":{"type":["list","string"],"description":"The SLAs to filter databases on","description_kind":"markdown","computed":true},"tiers":{"type":["list","string"],"description":"The tiers to filter databases on","description_kind":"markdown","computed":true}},"nesting_mode":"single"},"description_kind":"plain","computed":true},"status":{"nested_type":{"attributes":{"last_missed_schedule_time":{"type":"string","description":"The time that backups were last missed by this policy","description_kind":"markdown","computed":true},"last_schedule_time":{"type":"string","description":"The time that backups were last taken by this policy","description_kind":"markdown","computed":true},"next_schedule_time":{"type":"string","description":"The time that backups are next scheduled by this policy","description_kind":"markdown","computed":true}},"nesting_mode":"single"},"description_kind":"plain","computed":true},"suspended":{"type":"bool","description":"Whether backups from the policy are suspended","description_kind":"markdown","computed":true}},"description":"Data source for exposing information about NuoDB backup policies created using the DBaaS Control Plane","description_kind":"markdown"}},"nuodbaas_backups":{"version":0,"block":{"attributes":{"backups":{"nested_type":{"attributes":{"database":{"type":"string","description":"The database the backup belongs to","description_kind":"markdown","computed":true},"name":{"type":"string","description":"The name of the backup","description_kind":"markdown","computed":true},"organization":{"type":"string","description":"The organization the backup belongs to","description_kind":"markdown","computed":true},"project":{"type":"string","description":"The project the backup belongs to","description_kind":"markdown","computed":true}},"nesting_mode":"list"},"description":"The list of backups that satisfy the filter requirements","description_kind":"markdown","computed":true},"filter":{"nested_type":{"attributes":{"database":{"type":"string","description":"The database to filter backups on. If specified, the project must also be specified.","description_kind":"markdown","optional":true},"labels":{"type":["list","string"],"description":"List of filters to apply based on labels, which are composed using `AND`. Acceptable filter expressions are:\n  * `key` - Only return items that have label with specified key\n  * `key=value` - Only return items that have label with specified key set to value\n  * `!key` - Only return items that do _not_ have label with specified key\n  * `key!=value` - Only return items that do _not_ have label with specified key set to value","description_kind":"markdown","optional":true},"organization":{"type":"string","description":"The organization to filter backups on","description_kind":"markdown","optional":true},"project":{"type":"string","description":"The project to filter backups on. If specified, the organization must also be specified.","description_kind":"markdown","optional":true}},"nesting_mode":"single"},"description":"Filters to apply to backups","description_kind":"markdown","optional":true}},"description":"Data source for listing NuoDB backups created using the DBaaS Control Plane","description_kind":"markdown"}},"nuodbaas_database":{"version":0,"block":{"attributes":{"labels":{"type":["map","string"],"description":"User-defined labels attached to the resource that can be used for filtering","description_kind":"markdown","computed":true},"maintenance":{"nested_type":{"attributes":{"is_disabled":{"type":"bool","description":"Whether the project or database should be shutdown","description_kind":"markdown","computed":true}},"nesting_mode":"single"},"description_kind":"plain","computed":true},"name":{"type":"string","description":"The name of the database","description_kind":"markdown","required":true},"organization":{"type":"string","description":"The organization that the database belongs to","description_kind":"markdown","required":true},"project":{"type":"string","description":"The project that the database belongs to","description_kind":"markdown","required":true},"properties":{"nested_type":{"attributes":{"archive_disk_size":{"type":"string","description":"The size of the archive volumes for the database. Can be only updated to increase the volume size.","description_kind":"markdown","computed":true},"journal_disk_size":{"type":"string","description":"The size of the journal volumes for the database. Can be only updated to increase the volume size.","description_kind":"markdown","computed":true},"product_version":{"type":"string","description":"The version/tag of the NuoDB image to use. For available tags, see https://hub.docker.com/r/nuodb/nuodb-ce/tags. If omitted, the database version will be inherited from the project.","description_kind":"markdown","computed":true},"tier_parameters":{"type":["map","string"],"description":"Opaque parameters supplied to database service tier.","description_kind":"markdown","computed":true}},"nesting_mode":"single"},"description_kind":"plain","computed":true},"restore_from":{"nested_type":{"attributes":{"backup":{"type":"string","description":"The name of the backup to restore the database from. If a fully-qualified name is not supplied, then the organization, project, or name of the database being created is assumed.","description_kind":"markdown","computed":true}},"nesting_mode":"single"},"description_kind":"plain","computed":true},"status":{"nested_type":{"attributes":{"ca_pem":{"type":"string","description":"The PEM-encoded certificate for SQL clients to verify database servers","description_kind":"markdown","computed":true},"message":{"type":"string","description":"Message summarizing the state of the database","description_kind":"markdown","computed":true},"ready":{"type":"bool","description":"Whether the database is ready","description_kind":"markdown","computed":true},"shutdown":{"type":"bool","description":"Whether the database has shutdown","description_kind":"markdown","computed":true},"sql_endpoint":{"type":"string","description":"The endpoint for SQL clients to connect to","description_kind":"markdown","computed":true},"state":{"type":"string","description":"The state of the database:\n  * `Available` - The database is ready to accept SQL connections\n  * `Creating` - The database is being created and not yet available\n  * `Modifying` - The database is being modified\n  * `Stopping` - Shutdown is in progress for this database\n  * `Stopped` - The database has been stopped\n  * `Expired` - The database has expired\n  * `Failed` - The database has failed to achieve a usable state\n  * `Deleting` - The database has been marked for deletion, which is in progress\n  * `Restoring` - Restore from backup is in progress for this database","description_kind":"markdown","computed":true}},"nesting_mode":"single"},"description_kind":"plain","computed":true},"tier":{"type":"string","description":"The service tier for the database. If omitted, the project service tier is inherited.","description_kind":"markdown","computed":true}},"description":"Data source for exposing information about NuoDB databases created using the DBaaS Control Plane","description_kind":"markdown"}},"nuodbaas_databases":{"version":0,"block":{"attributes":{"databases":{"nested_type":{"attributes":{"name":{"type":"string","description":"The name of the database","description_kind":"markdown","computed":true},"organization":{"type":"string","description":"The organization the database belongs to","description_kind":"markdown","computed":true},"project":{"type":"string","description":"The project the database belongs to","description_kind":"markdown","computed":true}},"nesting_mode":"list"},"description":"The list of databases that satisfy the filter requirements","description_kind":"markdown","computed":true},"filter":{"nested_type":{"attributes":{"labels":{"type":["list","string"],"description":"List of filters to apply based on labels, which are composed using `AND`. Acceptable filter expressions are:\n  * `key` - Only return items that have label with specified key\n  * `key=value` - Only return items that have label with specified key set to value\n  * `!key` - Only return items that do _not_ have label with specified key\n  * `key!=value` - Only return items that do _not_ have label with specified key set to value","description_kind":"markdown","optional":true},"organization":{"type":"string","description":"The organization to filter databases on","description_kind":"markdown","optional":true},"project":{"type":"string","description":"The project to filter databases on. If specified, the organization must also be specified.","description_kind":"markdown","optional":true}},"nesting_mode":"single"},"description":"Filters to apply to databases","description_kind":"markdown","optional":true}},"description":"Data source for listing NuoDB databases created using the DBaaS Control Plane","description_kind":"markdown"}},"nuodbaas_project":{"version":0,"block":{"attributes":{"labels":{"type":["map","string"],"description":"User-defined labels attached to the resource that can be used for filtering","description_kind":"markdown","computed":true},"maintenance":{"nested_type":{"attributes":{"is_disabled":{"type":"bool","description":"Whether the project or database should be shutdown","description_kind":"markdown","computed":true}},"nesting_mode":"single"},"description_kind":"plain","computed":true},"name":{"type":"string","description":"The name of the project","description_kind":"markdown","required":true},"organization":{"type":"string","description":"The organization that the project belongs to","description_kind":"markdown","required":true},"properties":{"nested_type":{"attributes":{"product_version":{"type":"string","description":"The version/tag of the NuoDB image to use. For available tags, see https://hub.docker.com/r/nuodb/nuodb-ce/tags. If omitted, the project version will be resolved based on the SLA and cluster configuration.","description_kind":"markdown","computed":true},"tier_parameters":{"type":["map","string"],"description":"Opaque parameters supplied to project service tier.","description_kind":"markdown","computed":true}},"nesting_mode":"single"},"description_kind":"plain","computed":true},"sla":{"type":"string","description":"The SLA for the project. Cannot be updated once the project is created.","description_kind":"markdown","computed":true},"status":{"nested_type":{"attributes":{"ca_pem":{"type":"string","description":"The PEM-encoded certificate for SQL clients to verify database servers within the project","description_kind":"markdown","computed":true},"message":{"type":"string","description":"Message summarizing the state of the project","description_kind":"markdown","computed":true},"ready":{"type":"bool","description":"Whether the project is ready","description_kind":"markdown","computed":true},"shutdown":{"type":"bool","description":"Whether the project and all of its databases have shutdown","description_kind":"markdown","computed":true},"state":{"type":"string","description":"The state of the project:\n  * `Available` - The project is available\n  * `Creating` - The project is being created and not yet available\n  * `Modifying` - The project is being modified\n  * `Stopping` - Shutdown is in progress for this project\n  * `Stopped` - The project and its databases have been stopped\n  * `Expired` - The project and its databases have expired\n  * `Failed` - The project has failed to achieve a usable state\n  * `Deleting` - The project has been marked for deletion, which is in progress","description_kind":"markdown","computed":true}},"nesting_mode":"single"},"description_kind":"plain","computed":true},"tier":{"type":"string","description":"The service tier for the project","description_kind":"markdown","computed":true}},"description":"Data source for exposing information about NuoDB projects created using the DBaaS Control Plane","description_kind":"markdown"}},"nuodbaas_projects":{"version":0,"block":{"attributes":{"filter":{"nested_type":{"attributes":{"labels":{"type":["list","string"],"description":"List of filters to apply based on labels, which are composed using `AND`. Acceptable filter expressions are:\n  * `key` - Only return items that have label with specified key\n  * `key=value` - Only return items that have label with specified key set to value\n  * `!key` - Only return items that do _not_ have label with specified key\n  * `key!=value` - Only return items that do _not_ have label with specified key set to value","description_kind":"markdown","optional":true},"organization":{"type":"string","description":"The organization to filter projects on","description_kind":"markdown","optional":true}},"nesting_mode":"single"},"description":"Filters to apply to projects","description_kind":"markdown","optional":true},"projects":{"nested_type":{"attributes":{"name":{"type":"string","description":"The name of the project","description_kind":"markdown","computed":true},"organization":{"type":"string","description":"The organization the project belongs to","description_kind":"markdown","computed":true}},"nesting_mode":"list"},"description":"The list of projects that satisfy the filter requirements","description_kind":"markdown","computed":true}},"description":"Data source for listing NuoDB projects created using the DBaaS Control Plane","description_kind":"markdown"}}}}}}
